// !$*UTF8*$!
{
	archiveVersion = 1;
	classes = {
	};
	objectVersion = 46;
	objects = {

/* Begin PBXFileReference section */
		A47EB84017B5685D004F8445 /* .DS_Store */ = {isa = PBXFileReference; lastKnownFileType = file; path = .DS_Store; sourceTree = "<group>"; };
		A47EB84117B5685D004F8445 /* .git */ = {isa = PBXFileReference; lastKnownFileType = folder; path = .git; sourceTree = "<group>"; };
		A47EB84217B5685D004F8445 /* .git-generation-cache */ = {isa = PBXFileReference; lastKnownFileType = folder; path = ".git-generation-cache"; sourceTree = "<group>"; };
		A47EB84317B5685D004F8445 /* .gitignore */ = {isa = PBXFileReference; lastKnownFileType = text; path = .gitignore; sourceTree = "<group>"; };
		A47EB84417B5685D004F8445 /* ast.c */ = {isa = PBXFileReference; lastKnownFileType = sourcecode.c.c; path = ast.c; sourceTree = "<group>"; };
		A47EB84517B5685D004F8445 /* ast.gcn */ = {isa = PBXFileReference; lastKnownFileType = "compiled.mach-o.objfile"; path = ast.gcn; sourceTree = "<group>"; };
		A47EB84617B5685D004F8445 /* ast.gct */ = {isa = PBXFileReference; lastKnownFileType = text; path = ast.gct; sourceTree = "<group>"; };
		A47EB84717B5685D004F8445 /* ast.grace */ = {isa = PBXFileReference; lastKnownFileType = text; path = ast.grace; sourceTree = "<group>"; };
		A47EB84817B5685D004F8445 /* ast.js */ = {isa = PBXFileReference; lastKnownFileType = sourcecode.javascript; path = ast.js; sourceTree = "<group>"; };
		A47EB84917B5685D004F8445 /* buildinfo.c */ = {isa = PBXFileReference; lastKnownFileType = sourcecode.c.c; path = buildinfo.c; sourceTree = "<group>"; };
		A47EB84A17B5685D004F8445 /* buildinfo.gcn */ = {isa = PBXFileReference; lastKnownFileType = "compiled.mach-o.objfile"; path = buildinfo.gcn; sourceTree = "<group>"; };
		A47EB84B17B5685D004F8445 /* buildinfo.gct */ = {isa = PBXFileReference; lastKnownFileType = text; path = buildinfo.gct; sourceTree = "<group>"; };
		A47EB84C17B5685D004F8445 /* buildinfo.grace */ = {isa = PBXFileReference; lastKnownFileType = text; path = buildinfo.grace; sourceTree = "<group>"; };
		A47EB84D17B5685D004F8445 /* buildinfo.js */ = {isa = PBXFileReference; lastKnownFileType = sourcecode.javascript; path = buildinfo.js; sourceTree = "<group>"; };
		A47EB84E17B5685D004F8445 /* c */ = {isa = PBXFileReference; lastKnownFileType = folder; path = c; sourceTree = "<group>"; };
		A47EB84F17B5685D004F8445 /* compiler.gct */ = {isa = PBXFileReference; lastKnownFileType = text; path = compiler.gct; sourceTree = "<group>"; };
		A47EB85017B5685D004F8445 /* compiler.grace */ = {isa = PBXFileReference; lastKnownFileType = text; path = compiler.grace; sourceTree = "<group>"; };
		A47EB85117B5685D004F8445 /* compiler.js */ = {isa = PBXFileReference; lastKnownFileType = sourcecode.javascript; path = compiler.js; sourceTree = "<group>"; };
		A47EB85217B5685D004F8445 /* configure */ = {isa = PBXFileReference; lastKnownFileType = text.script.sh; path = configure; sourceTree = "<group>"; };
		A47EB85317B5685D004F8445 /* curl.c */ = {isa = PBXFileReference; lastKnownFileType = sourcecode.c.c; path = curl.c; sourceTree = "<group>"; };
		A47EB85417B5685D004F8445 /* curl.gso */ = {isa = PBXFileReference; lastKnownFileType = "compiled.mach-o.dylib"; path = curl.gso; sourceTree = "<group>"; };
		A47EB85517B5685D004F8445 /* curl.gso.dSYM */ = {isa = PBXFileReference; lastKnownFileType = wrapper.dsym; path = curl.gso.dSYM; sourceTree = "<group>"; };
		A47EB85617B5685D004F8445 /* debugger.c */ = {isa = PBXFileReference; lastKnownFileType = sourcecode.c.c; path = debugger.c; sourceTree = "<group>"; };
		A47EB85717B5685D004F8445 /* debugger.o */ = {isa = PBXFileReference; lastKnownFileType = "compiled.mach-o.objfile"; path = debugger.o; sourceTree = "<group>"; };
		A47EB85817B5685D004F8445 /* definitions.h */ = {isa = PBXFileReference; lastKnownFileType = sourcecode.c.h; path = definitions.h; sourceTree = "<group>"; };
		A47EB85917B5685D004F8445 /* doc */ = {isa = PBXFileReference; lastKnownFileType = folder; path = doc; sourceTree = "<group>"; };
		A47EB85A17B5685D004F8445 /* genc.c */ = {isa = PBXFileReference; lastKnownFileType = sourcecode.c.c; path = genc.c; sourceTree = "<group>"; };
		A47EB85B17B5685D004F8445 /* genc.gcn */ = {isa = PBXFileReference; lastKnownFileType = "compiled.mach-o.objfile"; path = genc.gcn; sourceTree = "<group>"; };
		A47EB85C17B5685D004F8445 /* genc.gct */ = {isa = PBXFileReference; lastKnownFileType = text; path = genc.gct; sourceTree = "<group>"; };
		A47EB85D17B5685D004F8445 /* genc.grace */ = {isa = PBXFileReference; lastKnownFileType = text; path = genc.grace; sourceTree = "<group>"; };
		A47EB85E17B5685D004F8445 /* genc.js */ = {isa = PBXFileReference; lastKnownFileType = sourcecode.javascript; path = genc.js; sourceTree = "<group>"; };
		A47EB85F17B5685D004F8445 /* genjs.c */ = {isa = PBXFileReference; lastKnownFileType = sourcecode.c.c; path = genjs.c; sourceTree = "<group>"; };
		A47EB86017B5685D004F8445 /* genjs.gcn */ = {isa = PBXFileReference; lastKnownFileType = "compiled.mach-o.objfile"; path = genjs.gcn; sourceTree = "<group>"; };
		A47EB86117B5685D004F8445 /* genjs.gct */ = {isa = PBXFileReference; lastKnownFileType = text; path = genjs.gct; sourceTree = "<group>"; };
		A47EB86217B5685D004F8445 /* genjs.grace */ = {isa = PBXFileReference; lastKnownFileType = text; path = genjs.grace; sourceTree = "<group>"; };
		A47EB86317B5685D004F8445 /* genjs.js */ = {isa = PBXFileReference; lastKnownFileType = sourcecode.javascript; path = genjs.js; sourceTree = "<group>"; };
		A47EB86417B5685D004F8445 /* genjson.c */ = {isa = PBXFileReference; lastKnownFileType = sourcecode.c.c; path = genjson.c; sourceTree = "<group>"; };
		A47EB86517B5685D004F8445 /* genjson.gcn */ = {isa = PBXFileReference; lastKnownFileType = "compiled.mach-o.objfile"; path = genjson.gcn; sourceTree = "<group>"; };
		A47EB86617B5685D004F8445 /* genjson.gct */ = {isa = PBXFileReference; lastKnownFileType = text; path = genjson.gct; sourceTree = "<group>"; };
		A47EB86717B5685D004F8445 /* genjson.grace */ = {isa = PBXFileReference; lastKnownFileType = text; path = genjson.grace; sourceTree = "<group>"; };
		A47EB86817B5685D004F8445 /* genjson.js */ = {isa = PBXFileReference; lastKnownFileType = sourcecode.javascript; path = genjson.js; sourceTree = "<group>"; };
		A47EB86917B5685D004F8445 /* gracelib-basic.o */ = {isa = PBXFileReference; lastKnownFileType = "compiled.mach-o.objfile"; path = "gracelib-basic.o"; sourceTree = "<group>"; };
		A47EB86A17B5685D004F8445 /* gracelib.c */ = {isa = PBXFileReference; lastKnownFileType = sourcecode.c.c; path = gracelib.c; sourceTree = "<group>"; };
		A47EB86B17B5685D004F8445 /* gracelib.h */ = {isa = PBXFileReference; lastKnownFileType = sourcecode.c.h; path = gracelib.h; sourceTree = "<group>"; };
		A47EB86C17B5685D004F8445 /* gracelib.o */ = {isa = PBXFileReference; lastKnownFileType = "compiled.mach-o.objfile"; path = gracelib.o; sourceTree = "<group>"; };
		A47EB86D17B5685D004F8445 /* identifierresolution.c */ = {isa = PBXFileReference; lastKnownFileType = sourcecode.c.c; path = identifierresolution.c; sourceTree = "<group>"; };
		A47EB86E17B5685D004F8445 /* identifierresolution.gcn */ = {isa = PBXFileReference; lastKnownFileType = "compiled.mach-o.objfile"; path = identifierresolution.gcn; sourceTree = "<group>"; };
		A47EB86F17B5685D004F8445 /* identifierresolution.gct */ = {isa = PBXFileReference; lastKnownFileType = text; path = identifierresolution.gct; sourceTree = "<group>"; };
		A47EB87017B5685D004F8445 /* identifierresolution.grace */ = {isa = PBXFileReference; lastKnownFileType = text; path = identifierresolution.grace; sourceTree = "<group>"; };
		A47EB87117B5685D004F8445 /* identifierresolution.js */ = {isa = PBXFileReference; lastKnownFileType = sourcecode.javascript; path = identifierresolution.js; sourceTree = "<group>"; };
		A47EB87217B5685D004F8445 /* interactive.c */ = {isa = PBXFileReference; lastKnownFileType = sourcecode.c.c; path = interactive.c; sourceTree = "<group>"; };
		A47EB87317B5685D004F8445 /* interactive.gcn */ = {isa = PBXFileReference; lastKnownFileType = "compiled.mach-o.objfile"; path = interactive.gcn; sourceTree = "<group>"; };
		A47EB87417B5685D004F8445 /* interactive.gct */ = {isa = PBXFileReference; lastKnownFileType = text; path = interactive.gct; sourceTree = "<group>"; };
		A47EB87517B5685D004F8445 /* interactive.grace */ = {isa = PBXFileReference; lastKnownFileType = text; path = interactive.grace; sourceTree = "<group>"; };
		A47EB87617B5685D004F8445 /* js */ = {isa = PBXFileReference; lastKnownFileType = folder; path = js; sourceTree = "<group>"; };
		A47EB87717B5685D004F8445 /* known-good */ = {isa = PBXFileReference; lastKnownFileType = folder; path = "known-good"; sourceTree = "<group>"; };
		A47EB87817B5685D004F8445 /* l1 */ = {isa = PBXFileReference; lastKnownFileType = folder; path = l1; sourceTree = "<group>"; };
		A47EB87917B5685D004F8445 /* l2 */ = {isa = PBXFileReference; lastKnownFileType = folder; path = l2; sourceTree = "<group>"; };
		A47EB87A17B5685D004F8445 /* lexer.c */ = {isa = PBXFileReference; lastKnownFileType = sourcecode.c.c; path = lexer.c; sourceTree = "<group>"; };
		A47EB87B17B5685D004F8445 /* lexer.gcn */ = {isa = PBXFileReference; lastKnownFileType = "compiled.mach-o.objfile"; path = lexer.gcn; sourceTree = "<group>"; };
		A47EB87C17B5685D004F8445 /* lexer.gct */ = {isa = PBXFileReference; lastKnownFileType = text; path = lexer.gct; sourceTree = "<group>"; };
		A47EB87D17B5685D004F8445 /* lexer.grace */ = {isa = PBXFileReference; lastKnownFileType = text; path = lexer.grace; sourceTree = "<group>"; };
		A47EB87E17B5685D004F8445 /* lexer.js */ = {isa = PBXFileReference; lastKnownFileType = sourcecode.javascript; path = lexer.js; sourceTree = "<group>"; };
		A47EB87F17B5685D004F8445 /* list */ = {isa = PBXFileReference; lastKnownFileType = text; path = list; sourceTree = "<group>"; };
		A47EB88017B5685D004F8445 /* Makefile */ = {isa = PBXFileReference; lastKnownFileType = sourcecode.make; path = Makefile; sourceTree = "<group>"; };
		A47EB88117B5685D004F8445 /* Makefile.conf */ = {isa = PBXFileReference; lastKnownFileType = text; path = Makefile.conf; sourceTree = "<group>"; };
		A47EB88217B5685D004F8445 /* mgcollections */ = {isa = PBXFileReference; lastKnownFileType = "compiled.mach-o.executable"; path = mgcollections; sourceTree = "<group>"; };
		A47EB88317B5685D004F8445 /* mgcollections.c */ = {isa = PBXFileReference; lastKnownFileType = sourcecode.c.c; path = mgcollections.c; sourceTree = "<group>"; };
		A47EB88417B5685D004F8445 /* mgcollections.gcn */ = {isa = PBXFileReference; lastKnownFileType = "compiled.mach-o.objfile"; path = mgcollections.gcn; sourceTree = "<group>"; };
		A47EB88517B5685D004F8445 /* mgcollections.gct */ = {isa = PBXFileReference; lastKnownFileType = text; path = mgcollections.gct; sourceTree = "<group>"; };
		A47EB88617B5685D004F8445 /* mgcollections.grace */ = {isa = PBXFileReference; lastKnownFileType = text; path = mgcollections.grace; sourceTree = "<group>"; };
		A47EB88717B5685D004F8445 /* mgcollections.js */ = {isa = PBXFileReference; lastKnownFileType = sourcecode.javascript; path = mgcollections.js; sourceTree = "<group>"; };
		A47EB88817B5685D004F8445 /* minigrace */ = {isa = PBXFileReference; lastKnownFileType = "compiled.mach-o.executable"; path = minigrace; sourceTree = "<group>"; };
		A47EB88917B5685D004F8445 /* minigrace.c */ = {isa = PBXFileReference; lastKnownFileType = sourcecode.c.c; path = minigrace.c; sourceTree = "<group>"; };
		A47EB88A17B5685D004F8445 /* minigrace.gcn */ = {isa = PBXFileReference; lastKnownFileType = "compiled.mach-o.objfile"; path = minigrace.gcn; sourceTree = "<group>"; };
		A47EB88B17B5685D004F8445 /* minigrace.gct */ = {isa = PBXFileReference; lastKnownFileType = text; path = minigrace.gct; sourceTree = "<group>"; };
		A47EB88C17B5685D004F8445 /* mirrors.c */ = {isa = PBXFileReference; lastKnownFileType = sourcecode.c.c; path = mirrors.c; sourceTree = "<group>"; };
		A47EB88D17B5685D004F8445 /* mirrors.gso */ = {isa = PBXFileReference; lastKnownFileType = "compiled.mach-o.dylib"; path = mirrors.gso; sourceTree = "<group>"; };
		A47EB88E17B5685D004F8445 /* mirrors.gso.dSYM */ = {isa = PBXFileReference; lastKnownFileType = wrapper.dsym; path = mirrors.gso.dSYM; sourceTree = "<group>"; };
		A47EB88F17B5685D004F8445 /* parser.c */ = {isa = PBXFileReference; lastKnownFileType = sourcecode.c.c; path = parser.c; sourceTree = "<group>"; };
		A47EB89017B5685D004F8445 /* parser.gcn */ = {isa = PBXFileReference; lastKnownFileType = "compiled.mach-o.objfile"; path = parser.gcn; sourceTree = "<group>"; };
		A47EB89117B5685D004F8445 /* parser.gct */ = {isa = PBXFileReference; lastKnownFileType = text; path = parser.gct; sourceTree = "<group>"; };
		A47EB89217B5685D004F8445 /* parser.grace */ = {isa = PBXFileReference; lastKnownFileType = text; path = parser.grace; sourceTree = "<group>"; };
		A47EB89317B5685D004F8445 /* parser.js */ = {isa = PBXFileReference; lastKnownFileType = sourcecode.javascript; path = parser.js; sourceTree = "<group>"; };
		A47EB89417B5685D004F8445 /* random.c */ = {isa = PBXFileReference; lastKnownFileType = sourcecode.c.c; path = random.c; sourceTree = "<group>"; };
		A47EB89517B5685D004F8445 /* random.gso */ = {isa = PBXFileReference; lastKnownFileType = "compiled.mach-o.dylib"; path = random.gso; sourceTree = "<group>"; };
		A47EB89617B5685D004F8445 /* random.gso.dSYM */ = {isa = PBXFileReference; lastKnownFileType = wrapper.dsym; path = random.gso.dSYM; sourceTree = "<group>"; };
		A47EB89717B5685D004F8445 /* README */ = {isa = PBXFileReference; lastKnownFileType = text; path = README; sourceTree = "<group>"; };
		A47EB89817B5685D004F8445 /* repl.c */ = {isa = PBXFileReference; lastKnownFileType = sourcecode.c.c; path = repl.c; sourceTree = "<group>"; };
		A47EB89917B5685D004F8445 /* repl.gso */ = {isa = PBXFileReference; lastKnownFileType = "compiled.mach-o.dylib"; path = repl.gso; sourceTree = "<group>"; };
		A47EB89A17B5685D004F8445 /* repl.gso.dSYM */ = {isa = PBXFileReference; lastKnownFileType = wrapper.dsym; path = repl.gso.dSYM; sourceTree = "<group>"; };
		A47EB89B17B5685D004F8445 /* sample */ = {isa = PBXFileReference; lastKnownFileType = folder; path = sample; sourceTree = "<group>"; };
		A47EB89C17B5685D004F8445 /* StandardPrelude.c */ = {isa = PBXFileReference; lastKnownFileType = sourcecode.c.c; path = StandardPrelude.c; sourceTree = "<group>"; };
		A47EB89D17B5685D004F8445 /* StandardPrelude.gcn */ = {isa = PBXFileReference; lastKnownFileType = "compiled.mach-o.objfile"; path = StandardPrelude.gcn; sourceTree = "<group>"; };
		A47EB89E17B5685D004F8445 /* StandardPrelude.gct */ = {isa = PBXFileReference; lastKnownFileType = text; path = StandardPrelude.gct; sourceTree = "<group>"; };
		A47EB89F17B5685D004F8445 /* StandardPrelude.grace */ = {isa = PBXFileReference; lastKnownFileType = text; path = StandardPrelude.grace; sourceTree = "<group>"; };
		A47EB8A017B5685D004F8445 /* StandardPrelude.js */ = {isa = PBXFileReference; lastKnownFileType = sourcecode.javascript; path = StandardPrelude.js; sourceTree = "<group>"; };
		A47EB8A117B5685D004F8445 /* stdin_minigrace */ = {isa = PBXFileReference; lastKnownFileType = "compiled.mach-o.executable"; path = stdin_minigrace; sourceTree = "<group>"; };
		A47EB8A217B5685D004F8445 /* stdin_minigrace.c */ = {isa = PBXFileReference; lastKnownFileType = sourcecode.c.c; path = stdin_minigrace.c; sourceTree = "<group>"; };
		A47EB8A317B5685D004F8445 /* stdin_minigrace.gcn */ = {isa = PBXFileReference; lastKnownFileType = "compiled.mach-o.objfile"; path = stdin_minigrace.gcn; sourceTree = "<group>"; };
		A47EB8A417B5685D004F8445 /* stdin_minigrace.gct */ = {isa = PBXFileReference; lastKnownFileType = text; path = stdin_minigrace.gct; sourceTree = "<group>"; };
		A47EB8A517B5685D004F8445 /* tests */ = {isa = PBXFileReference; lastKnownFileType = folder; path = tests; sourceTree = "<group>"; };
		A47EB8A617B5685D004F8445 /* tools */ = {isa = PBXFileReference; lastKnownFileType = folder; path = tools; sourceTree = "<group>"; };
		A47EB8A717B5685D004F8445 /* unicode.c */ = {isa = PBXFileReference; lastKnownFileType = sourcecode.c.c; path = unicode.c; sourceTree = "<group>"; };
		A47EB8A817B5685D004F8445 /* unicode.gso */ = {isa = PBXFileReference; lastKnownFileType = "compiled.mach-o.dylib"; path = unicode.gso; sourceTree = "<group>"; };
		A47EB8A917B5685D004F8445 /* unicode.gso.dSYM */ = {isa = PBXFileReference; lastKnownFileType = wrapper.dsym; path = unicode.gso.dSYM; sourceTree = "<group>"; };
		A47EB8AA17B5685D004F8445 /* unicodedata.h */ = {isa = PBXFileReference; lastKnownFileType = sourcecode.c.h; path = unicodedata.h; sourceTree = "<group>"; };
		A47EB8AB17B5685D004F8445 /* util.c */ = {isa = PBXFileReference; lastKnownFileType = sourcecode.c.c; path = util.c; sourceTree = "<group>"; };
		A47EB8AC17B5685D004F8445 /* util.gcn */ = {isa = PBXFileReference; lastKnownFileType = "compiled.mach-o.objfile"; path = util.gcn; sourceTree = "<group>"; };
		A47EB8AD17B5685D004F8445 /* util.gct */ = {isa = PBXFileReference; lastKnownFileType = text; path = util.gct; sourceTree = "<group>"; };
		A47EB8AE17B5685D004F8445 /* util.grace */ = {isa = PBXFileReference; lastKnownFileType = text; path = util.grace; sourceTree = "<group>"; };
		A47EB8AF17B5685D004F8445 /* xmodule.c */ = {isa = PBXFileReference; lastKnownFileType = sourcecode.c.c; path = xmodule.c; sourceTree = "<group>"; };
		A47EB8B017B5685D004F8445 /* xmodule.gcn */ = {isa = PBXFileReference; lastKnownFileType = "compiled.mach-o.objfile"; path = xmodule.gcn; sourceTree = "<group>"; };
		A47EB8B117B5685D004F8445 /* xmodule.gct */ = {isa = PBXFileReference; lastKnownFileType = text; path = xmodule.gct; sourceTree = "<group>"; };
		A47EB8B217B5685D004F8445 /* xmodule.grace */ = {isa = PBXFileReference; lastKnownFileType = text; path = xmodule.grace; sourceTree = "<group>"; };
		A47EB8B317B5685D004F8445 /* xmodule.js */ = {isa = PBXFileReference; lastKnownFileType = sourcecode.javascript; path = xmodule.js; sourceTree = "<group>"; };
/* End PBXFileReference section */

/* Begin PBXGroup section */
		A47EB83A17B5685D004F8445 = {
			isa = PBXGroup;
			children = (
				A47EB84017B5685D004F8445 /* .DS_Store */,
				A47EB84117B5685D004F8445 /* .git */,
				A47EB84217B5685D004F8445 /* .git-generation-cache */,
				A47EB84317B5685D004F8445 /* .gitignore */,
				A47EB84417B5685D004F8445 /* ast.c */,
				A47EB84517B5685D004F8445 /* ast.gcn */,
				A47EB84617B5685D004F8445 /* ast.gct */,
				A47EB84717B5685D004F8445 /* ast.grace */,
				A47EB84817B5685D004F8445 /* ast.js */,
				A47EB84917B5685D004F8445 /* buildinfo.c */,
				A47EB84A17B5685D004F8445 /* buildinfo.gcn */,
				A47EB84B17B5685D004F8445 /* buildinfo.gct */,
				A47EB84C17B5685D004F8445 /* buildinfo.grace */,
				A47EB84D17B5685D004F8445 /* buildinfo.js */,
				A47EB84E17B5685D004F8445 /* c */,
				A47EB84F17B5685D004F8445 /* compiler.gct */,
				A47EB85017B5685D004F8445 /* compiler.grace */,
				A47EB85117B5685D004F8445 /* compiler.js */,
				A47EB85217B5685D004F8445 /* configure */,
				A47EB85317B5685D004F8445 /* curl.c */,
				A47EB85417B5685D004F8445 /* curl.gso */,
				A47EB85517B5685D004F8445 /* curl.gso.dSYM */,
				A47EB85617B5685D004F8445 /* debugger.c */,
				A47EB85717B5685D004F8445 /* debugger.o */,
				A47EB85817B5685D004F8445 /* definitions.h */,
				A47EB85917B5685D004F8445 /* doc */,
				A47EB85A17B5685D004F8445 /* genc.c */,
				A47EB85B17B5685D004F8445 /* genc.gcn */,
				A47EB85C17B5685D004F8445 /* genc.gct */,
				A47EB85D17B5685D004F8445 /* genc.grace */,
				A47EB85E17B5685D004F8445 /* genc.js */,
				A47EB85F17B5685D004F8445 /* genjs.c */,
				A47EB86017B5685D004F8445 /* genjs.gcn */,
				A47EB86117B5685D004F8445 /* genjs.gct */,
				A47EB86217B5685D004F8445 /* genjs.grace */,
				A47EB86317B5685D004F8445 /* genjs.js */,
				A47EB86417B5685D004F8445 /* genjson.c */,
				A47EB86517B5685D004F8445 /* genjson.gcn */,
				A47EB86617B5685D004F8445 /* genjson.gct */,
				A47EB86717B5685D004F8445 /* genjson.grace */,
				A47EB86817B5685D004F8445 /* genjson.js */,
				A47EB86917B5685D004F8445 /* gracelib-basic.o */,
				A47EB86A17B5685D004F8445 /* gracelib.c */,
				A47EB86B17B5685D004F8445 /* gracelib.h */,
				A47EB86C17B5685D004F8445 /* gracelib.o */,
				A47EB86D17B5685D004F8445 /* identifierresolution.c */,
				A47EB86E17B5685D004F8445 /* identifierresolution.gcn */,
				A47EB86F17B5685D004F8445 /* identifierresolution.gct */,
				A47EB87017B5685D004F8445 /* identifierresolution.grace */,
				A47EB87117B5685D004F8445 /* identifierresolution.js */,
				A47EB87217B5685D004F8445 /* interactive.c */,
				A47EB87317B5685D004F8445 /* interactive.gcn */,
				A47EB87417B5685D004F8445 /* interactive.gct */,
				A47EB87517B5685D004F8445 /* interactive.grace */,
				A47EB87617B5685D004F8445 /* js */,
				A47EB87717B5685D004F8445 /* known-good */,
				A47EB87817B5685D004F8445 /* l1 */,
				A47EB87917B5685D004F8445 /* l2 */,
				A47EB87A17B5685D004F8445 /* lexer.c */,
				A47EB87B17B5685D004F8445 /* lexer.gcn */,
				A47EB87C17B5685D004F8445 /* lexer.gct */,
				A47EB87D17B5685D004F8445 /* lexer.grace */,
				A47EB87E17B5685D004F8445 /* lexer.js */,
				A47EB87F17B5685D004F8445 /* list */,
				A47EB88017B5685D004F8445 /* Makefile */,
				A47EB88117B5685D004F8445 /* Makefile.conf */,
				A47EB88217B5685D004F8445 /* mgcollections */,
				A47EB88317B5685D004F8445 /* mgcollections.c */,
				A47EB88417B5685D004F8445 /* mgcollections.gcn */,
				A47EB88517B5685D004F8445 /* mgcollections.gct */,
				A47EB88617B5685D004F8445 /* mgcollections.grace */,
				A47EB88717B5685D004F8445 /* mgcollections.js */,
				A47EB88817B5685D004F8445 /* minigrace */,
				A47EB88917B5685D004F8445 /* minigrace.c */,
				A47EB88A17B5685D004F8445 /* minigrace.gcn */,
				A47EB88B17B5685D004F8445 /* minigrace.gct */,
				A47EB88C17B5685D004F8445 /* mirrors.c */,
				A47EB88D17B5685D004F8445 /* mirrors.gso */,
				A47EB88E17B5685D004F8445 /* mirrors.gso.dSYM */,
				A47EB88F17B5685D004F8445 /* parser.c */,
				A47EB89017B5685D004F8445 /* parser.gcn */,
				A47EB89117B5685D004F8445 /* parser.gct */,
				A47EB89217B5685D004F8445 /* parser.grace */,
				A47EB89317B5685D004F8445 /* parser.js */,
				A47EB89417B5685D004F8445 /* random.c */,
				A47EB89517B5685D004F8445 /* random.gso */,
				A47EB89617B5685D004F8445 /* random.gso.dSYM */,
				A47EB89717B5685D004F8445 /* README */,
				A47EB89817B5685D004F8445 /* repl.c */,
				A47EB89917B5685D004F8445 /* repl.gso */,
				A47EB89A17B5685D004F8445 /* repl.gso.dSYM */,
				A47EB89B17B5685D004F8445 /* sample */,
				A47EB89C17B5685D004F8445 /* StandardPrelude.c */,
				A47EB89D17B5685D004F8445 /* StandardPrelude.gcn */,
				A47EB89E17B5685D004F8445 /* StandardPrelude.gct */,
				A47EB89F17B5685D004F8445 /* StandardPrelude.grace */,
				A47EB8A017B5685D004F8445 /* StandardPrelude.js */,
				A47EB8A117B5685D004F8445 /* stdin_minigrace */,
				A47EB8A217B5685D004F8445 /* stdin_minigrace.c */,
				A47EB8A317B5685D004F8445 /* stdin_minigrace.gcn */,
				A47EB8A417B5685D004F8445 /* stdin_minigrace.gct */,
				A47EB8A517B5685D004F8445 /* tests */,
				A47EB8A617B5685D004F8445 /* tools */,
				A47EB8A717B5685D004F8445 /* unicode.c */,
				A47EB8A817B5685D004F8445 /* unicode.gso */,
				A47EB8A917B5685D004F8445 /* unicode.gso.dSYM */,
				A47EB8AA17B5685D004F8445 /* unicodedata.h */,
				A47EB8AB17B5685D004F8445 /* util.c */,
				A47EB8AC17B5685D004F8445 /* util.gcn */,
				A47EB8AD17B5685D004F8445 /* util.gct */,
				A47EB8AE17B5685D004F8445 /* util.grace */,
				A47EB8AF17B5685D004F8445 /* xmodule.c */,
				A47EB8B017B5685D004F8445 /* xmodule.gcn */,
				A47EB8B117B5685D004F8445 /* xmodule.gct */,
				A47EB8B217B5685D004F8445 /* xmodule.grace */,
				A47EB8B317B5685D004F8445 /* xmodule.js */,
			);
			sourceTree = "<group>";
		};
/* End PBXGroup section */

/* Begin PBXLegacyTarget section */
		A47EB83F17B5685D004F8445 /* minigrace */ = {
			isa = PBXLegacyTarget;
			buildArgumentsString = "$(ACTION)";
			buildConfigurationList = A47EB8B417B5685D004F8445 /* Build configuration list for PBXLegacyTarget "minigrace" */;
			buildPhases = (
			);
			buildToolPath = /usr/bin/make;
			buildWorkingDirectory = /Developer/minigrace;
			dependencies = (
			);
			name = minigrace;
			passBuildSettingsInEnvironment = 1;
			productName = minigrace;
		};
/* End PBXLegacyTarget section */

/* Begin PBXProject section */
		A47EB83B17B5685D004F8445 /* Project object */ = {
			isa = PBXProject;
			attributes = {
				LastUpgradeCheck = 0460;
			};
			buildConfigurationList = A47EB83E17B5685D004F8445 /* Build configuration list for PBXProject "minigrace" */;
			compatibilityVersion = "Xcode 3.2";
			developmentRegion = English;
			hasScannedForEncodings = 0;
			knownRegions = (
				en,
			);
			mainGroup = A47EB83A17B5685D004F8445;
			projectDirPath = "";
			projectRoot = "";
			targets = (
				A47EB83F17B5685D004F8445 /* minigrace */,
			);
		};
/* End PBXProject section */

/* Begin XCBuildConfiguration section */
		A47EB83C17B5685D004F8445 /* Debug */ = {
			isa = XCBuildConfiguration;
			buildSettings = {
				ARCHS = "$(ARCHS_STANDARD_32_BIT)";
				COPY_PHASE_STRIP = NO;
				GCC_WARN_ABOUT_RETURN_TYPE = YES;
				GCC_WARN_UNUSED_VARIABLE = YES;
				ONLY_ACTIVE_ARCH = YES;
				SDKROOT = macosx;
			};
			name = Debug;
		};
		A47EB83D17B5685D004F8445 /* Release */ = {
			isa = XCBuildConfiguration;
			buildSettings = {
				ARCHS = "$(ARCHS_STANDARD_32_BIT)";
				COPY_PHASE_STRIP = YES;
				GCC_WARN_ABOUT_RETURN_TYPE = YES;
				GCC_WARN_UNUSED_VARIABLE = YES;
				SDKROOT = macosx;
			};
			name = Release;
		};
		A47EB8B517B5685D004F8445 /* Debug */ = {
			isa = XCBuildConfiguration;
			buildSettings = {
				COMBINE_HIDPI_IMAGES = YES;
				COPY_PHASE_STRIP = NO;
				DEBUGGING_SYMBOLS = YES;
				GCC_DYNAMIC_NO_PIC = NO;
				GCC_GENERATE_DEBUGGING_SYMBOLS = YES;
				GCC_OPTIMIZATION_LEVEL = 0;
				OTHER_CFLAGS = "";
				OTHER_LDFLAGS = "";
				PRODUCT_NAME = minigrace;
			};
			name = Debug;
		};
		A47EB8B617B5685D004F8445 /* Release */ = {
			isa = XCBuildConfiguration;
			buildSettings = {
				COMBINE_HIDPI_IMAGES = YES;
				COPY_PHASE_STRIP = YES;
				DEBUG_INFORMATION_FORMAT = "dwarf-with-dsym";
				OTHER_CFLAGS = "";
				OTHER_LDFLAGS = "";
				PRODUCT_NAME = minigrace;
			};
			name = Release;
		};
/* End XCBuildConfiguration section */

/* Begin XCConfigurationList section */
		A47EB83E17B5685D004F8445 /* Build configuration list for PBXProject "minigrace" */ = {
			isa = XCConfigurationList;
			buildConfigurations = (
				A47EB83C17B5685D004F8445 /* Debug */,
				A47EB83D17B5685D004F8445 /* Release */,
			);
			defaultConfigurationIsVisible = 0;
			defaultConfigurationName = Release;
		};
		A47EB8B417B5685D004F8445 /* Build configuration list for PBXLegacyTarget "minigrace" */ = {
			isa = XCConfigurationList;
			buildConfigurations = (
				A47EB8B517B5685D004F8445 /* Debug */,
				A47EB8B617B5685D004F8445 /* Release */,
			);
			defaultConfigurationIsVisible = 0;
			defaultConfigurationName = Release;
		};
/* End XCConfigurationList section */
	};
	rootObject = A47EB83B17B5685D004F8445 /* Project object */;
}
